
Microsoft Visual Studio Solution File, Format Version 12.00
# Visual Studio Version 17
VisualStudioVersion = 17.9.34622.214
MinimumVisualStudioVersion = 10.0.40219.1
Project("{9A19103F-16F7-4668-BE54-9A1E7A4F7556}") = "SpinningTrainer", "MauiApp1\SpinningTrainer.csproj", "{62A085BE-7C9C-49CB-B522-E837596F1757}"
EndProject
Project("{9A19103F-16F7-4668-BE54-9A1E7A4F7556}") = "SpinningTrainerTV", "SpinningTrainerTV\SpinningTrainerTV.csproj", "{F2085448-54F8-42BD-9108-CC9180186123}"
EndProject
Project("{9A19103F-16F7-4668-BE54-9A1E7A4F7556}") = "ENTITYS", "ENTITYS\ENTITYS.csproj", "{0CCD7360-9275-4BE3-8372-031AF012A0F3}"
EndProject
Project("{9A19103F-16F7-4668-BE54-9A1E7A4F7556}") = "REPOSITORY", "REPOSITORY\REPOSITORY.csproj", "{9F9D1A55-8AF0-44C1-9624-B66ECCE79CD4}"
EndProject
Project("{9A19103F-16F7-4668-BE54-9A1E7A4F7556}") = "SERVICES", "BUSINESS\SERVICES.csproj", "{DA744646-FAC8-4DA7-AB5D-738853EB990F}"
EndProject
Project("{9A19103F-16F7-4668-BE54-9A1E7A4F7556}") = "UTILITIES", "SERVICES\UTILITIES.csproj", "{49B1AB1B-A218-4BBC-A41A-41B1C1475288}"
EndProject
Global
	GlobalSection(SolutionConfigurationPlatforms) = preSolution
		Debug|Any CPU = Debug|Any CPU
		Release|Any CPU = Release|Any CPU
	EndGlobalSection
	GlobalSection(ProjectConfigurationPlatforms) = postSolution
		{62A085BE-7C9C-49CB-B522-E837596F1757}.Debug|Any CPU.ActiveCfg = Debug|Any CPU
		{62A085BE-7C9C-49CB-B522-E837596F1757}.Debug|Any CPU.Build.0 = Debug|Any CPU
		{62A085BE-7C9C-49CB-B522-E837596F1757}.Debug|Any CPU.Deploy.0 = Debug|Any CPU
		{62A085BE-7C9C-49CB-B522-E837596F1757}.Release|Any CPU.ActiveCfg = Release|Any CPU
		{62A085BE-7C9C-49CB-B522-E837596F1757}.Release|Any CPU.Build.0 = Release|Any CPU
		{62A085BE-7C9C-49CB-B522-E837596F1757}.Release|Any CPU.Deploy.0 = Release|Any CPU
		{F2085448-54F8-42BD-9108-CC9180186123}.Debug|Any CPU.ActiveCfg = Debug|Any CPU
		{F2085448-54F8-42BD-9108-CC9180186123}.Debug|Any CPU.Build.0 = Debug|Any CPU
		{F2085448-54F8-42BD-9108-CC9180186123}.Debug|Any CPU.Deploy.0 = Debug|Any CPU
		{F2085448-54F8-42BD-9108-CC9180186123}.Release|Any CPU.ActiveCfg = Release|Any CPU
		{F2085448-54F8-42BD-9108-CC9180186123}.Release|Any CPU.Build.0 = Release|Any CPU
		{F2085448-54F8-42BD-9108-CC9180186123}.Release|Any CPU.Deploy.0 = Release|Any CPU
		{0CCD7360-9275-4BE3-8372-031AF012A0F3}.Debug|Any CPU.ActiveCfg = Debug|Any CPU
		{0CCD7360-9275-4BE3-8372-031AF012A0F3}.Debug|Any CPU.Build.0 = Debug|Any CPU
		{0CCD7360-9275-4BE3-8372-031AF012A0F3}.Release|Any CPU.ActiveCfg = Release|Any CPU
		{0CCD7360-9275-4BE3-8372-031AF012A0F3}.Release|Any CPU.Build.0 = Release|Any CPU
		{9F9D1A55-8AF0-44C1-9624-B66ECCE79CD4}.Debug|Any CPU.ActiveCfg = Debug|Any CPU
		{9F9D1A55-8AF0-44C1-9624-B66ECCE79CD4}.Debug|Any CPU.Build.0 = Debug|Any CPU
		{9F9D1A55-8AF0-44C1-9624-B66ECCE79CD4}.Release|Any CPU.ActiveCfg = Release|Any CPU
		{9F9D1A55-8AF0-44C1-9624-B66ECCE79CD4}.Release|Any CPU.Build.0 = Release|Any CPU
		{DA744646-FAC8-4DA7-AB5D-738853EB990F}.Debug|Any CPU.ActiveCfg = Debug|Any CPU
		{DA744646-FAC8-4DA7-AB5D-738853EB990F}.Debug|Any CPU.Build.0 = Debug|Any CPU
		{DA744646-FAC8-4DA7-AB5D-738853EB990F}.Release|Any CPU.ActiveCfg = Release|Any CPU
		{DA744646-FAC8-4DA7-AB5D-738853EB990F}.Release|Any CPU.Build.0 = Release|Any CPU
		{49B1AB1B-A218-4BBC-A41A-41B1C1475288}.Debug|Any CPU.ActiveCfg = Debug|Any CPU
		{49B1AB1B-A218-4BBC-A41A-41B1C1475288}.Debug|Any CPU.Build.0 = Debug|Any CPU
		{49B1AB1B-A218-4BBC-A41A-41B1C1475288}.Release|Any CPU.ActiveCfg = Release|Any CPU
		{49B1AB1B-A218-4BBC-A41A-41B1C1475288}.Release|Any CPU.Build.0 = Release|Any CPU
	EndGlobalSection
	GlobalSection(SolutionProperties) = preSolution
		HideSolutionNode = FALSE
	EndGlobalSection
	GlobalSection(ExtensibilityGlobals) = postSolution
		SolutionGuid = {2CE970D2-62A3-4B68-AD49-87E732F0E7C2}
	EndGlobalSection
EndGlobal
